{
  "name": "cipherlab",
  "version": "1.0.0",
  "lockfileVersion": 3,
  "requires": true,
  "packages": {
    "": {
      "name": "cipherlab",
      "version": "1.0.0",
      "license": "MIT",
      "devDependencies": {
        "@11ty/eleventy": "^2.0.1",
        "rimraf": "^5.0.1"
      }
    }
  }
}
